// !$*UTF8*$!
{
	archiveVersion = 1;
	classes = {
	};
	objectVersion = 46;
	objects = {

/* Begin PBXBuildFile section */
		626AD22019AAADC300F8254B /* Foundation.framework in Frameworks */ = {isa = PBXBuildFile; fileRef = 626AD21F19AAADC300F8254B /* Foundation.framework */; };
		626AD22219AAADC300F8254B /* CoreGraphics.framework in Frameworks */ = {isa = PBXBuildFile; fileRef = 626AD22119AAADC300F8254B /* CoreGraphics.framework */; };
		626AD22419AAADC300F8254B /* UIKit.framework in Frameworks */ = {isa = PBXBuildFile; fileRef = 626AD22319AAADC300F8254B /* UIKit.framework */; };
		626AD22A19AAADC300F8254B /* InfoPlist.strings in Resources */ = {isa = PBXBuildFile; fileRef = 626AD22819AAADC300F8254B /* InfoPlist.strings */; };
		626AD22C19AAADC300F8254B /* main.m in Sources */ = {isa = PBXBuildFile; fileRef = 626AD22B19AAADC300F8254B /* main.m */; };
		626AD23019AAADC300F8254B /* MMAppDelegate.m in Sources */ = {isa = PBXBuildFile; fileRef = 626AD22F19AAADC300F8254B /* MMAppDelegate.m */; };
		626AD23319AAADC300F8254B /* Main.storyboard in Resources */ = {isa = PBXBuildFile; fileRef = 626AD23119AAADC300F8254B /* Main.storyboard */; };
		626AD23619AAADC300F8254B /* MMViewController.m in Sources */ = {isa = PBXBuildFile; fileRef = 626AD23519AAADC300F8254B /* MMViewController.m */; };
		626AD23819AAADC300F8254B /* Images.xcassets in Resources */ = {isa = PBXBuildFile; fileRef = 626AD23719AAADC300F8254B /* Images.xcassets */; };
		626AD23F19AAADC400F8254B /* XCTest.framework in Frameworks */ = {isa = PBXBuildFile; fileRef = 626AD23E19AAADC400F8254B /* XCTest.framework */; };
		626AD24019AAADC400F8254B /* Foundation.framework in Frameworks */ = {isa = PBXBuildFile; fileRef = 626AD21F19AAADC300F8254B /* Foundation.framework */; };
		626AD24119AAADC400F8254B /* UIKit.framework in Frameworks */ = {isa = PBXBuildFile; fileRef = 626AD22319AAADC300F8254B /* UIKit.framework */; };
		626AD24919AAADC400F8254B /* InfoPlist.strings in Resources */ = {isa = PBXBuildFile; fileRef = 626AD24719AAADC400F8254B /* InfoPlist.strings */; };
		626AD24B19AAADC400F8254B /* JobFairTests.m in Sources */ = {isa = PBXBuildFile; fileRef = 626AD24A19AAADC400F8254B /* JobFairTests.m */; };
/* End PBXBuildFile section */

/* Begin PBXContainerItemProxy section */
		626AD24219AAADC400F8254B /* PBXContainerItemProxy */ = {
			isa = PBXContainerItemProxy;
			containerPortal = 626AD21419AAADC300F8254B /* Project object */;
			proxyType = 1;
			remoteGlobalIDString = 626AD21B19AAADC300F8254B;
			remoteInfo = JobFair;
		};
/* End PBXContainerItemProxy section */

/* Begin PBXFileReference section */
		626AD21C19AAADC300F8254B /* JobFair.app */ = {isa = PBXFileReference; explicitFileType = wrapper.application; includeInIndex = 0; path = JobFair.app; sourceTree = BUILT_PRODUCTS_DIR; };
		626AD21F19AAADC300F8254B /* Foundation.framework */ = {isa = PBXFileReference; lastKnownFileType = wrapper.framework; name = Foundation.framework; path = System/Library/Frameworks/Foundation.framework; sourceTree = SDKROOT; };
		626AD22119AAADC300F8254B /* CoreGraphics.framework */ = {isa = PBXFileReference; lastKnownFileType = wrapper.framework; name = CoreGraphics.framework; path = System/Library/Frameworks/CoreGraphics.framework; sourceTree = SDKROOT; };
		626AD22319AAADC300F8254B /* UIKit.framework */ = {isa = PBXFileReference; lastKnownFileType = wrapper.framework; name = UIKit.framework; path = System/Library/Frameworks/UIKit.framework; sourceTree = SDKROOT; };
		626AD22719AAADC300F8254B /* JobFair-Info.plist */ = {isa = PBXFileReference; lastKnownFileType = text.plist.xml; path = "JobFair-Info.plist"; sourceTree = "<group>"; };
		626AD22919AAADC300F8254B /* en */ = {isa = PBXFileReference; lastKnownFileType = text.plist.strings; name = en; path = en.lproj/InfoPlist.strings; sourceTree = "<group>"; };
		626AD22B19AAADC300F8254B /* main.m */ = {isa = PBXFileReference; lastKnownFileType = sourcecode.c.objc; path = main.m; sourceTree = "<group>"; };
		626AD22D19AAADC300F8254B /* JobFair-Prefix.pch */ = {isa = PBXFileReference; lastKnownFileType = sourcecode.c.h; path = "JobFair-Prefix.pch"; sourceTree = "<group>"; };
		626AD22E19AAADC300F8254B /* MMAppDelegate.h */ = {isa = PBXFileReference; lastKnownFileType = sourcecode.c.h; path = MMAppDelegate.h; sourceTree = "<group>"; };
		626AD22F19AAADC300F8254B /* MMAppDelegate.m */ = {isa = PBXFileReference; lastKnownFileType = sourcecode.c.objc; path = MMAppDelegate.m; sourceTree = "<group>"; };
		626AD23219AAADC300F8254B /* Base */ = {isa = PBXFileReference; lastKnownFileType = file.storyboard; name = Base; path = Base.lproj/Main.storyboard; sourceTree = "<group>"; };
		626AD23419AAADC300F8254B /* MMViewController.h */ = {isa = PBXFileReference; lastKnownFileType = sourcecode.c.h; path = MMViewController.h; sourceTree = "<group>"; };
		626AD23519AAADC300F8254B /* MMViewController.m */ = {isa = PBXFileReference; lastKnownFileType = sourcecode.c.objc; path = MMViewController.m; sourceTree = "<group>"; };
		626AD23719AAADC300F8254B /* Images.xcassets */ = {isa = PBXFileReference; lastKnownFileType = folder.assetcatalog; path = Images.xcassets; sourceTree = "<group>"; };
		626AD23D19AAADC400F8254B /* JobFairTests.xctest */ = {isa = PBXFileReference; explicitFileType = wrapper.cfbundle; includeInIndex = 0; path = JobFairTests.xctest; sourceTree = BUILT_PRODUCTS_DIR; };
		626AD23E19AAADC400F8254B /* XCTest.framework */ = {isa = PBXFileReference; lastKnownFileType = wrapper.framework; name = XCTest.framework; path = Library/Frameworks/XCTest.framework; sourceTree = DEVELOPER_DIR; };
		626AD24619AAADC400F8254B /* JobFairTests-Info.plist */ = {isa = PBXFileReference; lastKnownFileType = text.plist.xml; path = "JobFairTests-Info.plist"; sourceTree = "<group>"; };
		626AD24819AAADC400F8254B /* en */ = {isa = PBXFileReference; lastKnownFileType = text.plist.strings; name = en; path = en.lproj/InfoPlist.strings; sourceTree = "<group>"; };
		626AD24A19AAADC400F8254B /* JobFairTests.m */ = {isa = PBXFileReference; lastKnownFileType = sourcecode.c.objc; path = JobFairTests.m; sourceTree = "<group>"; };
/* End PBXFileReference section */

/* Begin PBXFrameworksBuildPhase section */
		626AD21919AAADC300F8254B /* Frameworks */ = {
			isa = PBXFrameworksBuildPhase;
			buildActionMask = 2147483647;
			files = (
				626AD22219AAADC300F8254B /* CoreGraphics.framework in Frameworks */,
				626AD22419AAADC300F8254B /* UIKit.framework in Frameworks */,
				626AD22019AAADC300F8254B /* Foundation.framework in Frameworks */,
			);
			runOnlyForDeploymentPostprocessing = 0;
		};
		626AD23A19AAADC400F8254B /* Frameworks */ = {
			isa = PBXFrameworksBuildPhase;
			buildActionMask = 2147483647;
			files = (
				626AD23F19AAADC400F8254B /* XCTest.framework in Frameworks */,
				626AD24119AAADC400F8254B /* UIKit.framework in Frameworks */,
				626AD24019AAADC400F8254B /* Foundation.framework in Frameworks */,
			);
			runOnlyForDeploymentPostprocessing = 0;
		};
/* End PBXFrameworksBuildPhase section */

/* Begin PBXGroup section */
		626AD21319AAADC300F8254B = {
			isa = PBXGroup;
			children = (
				626AD22519AAADC300F8254B /* JobFair */,
				626AD24419AAADC400F8254B /* JobFairTests */,
				626AD21E19AAADC300F8254B /* Frameworks */,
				626AD21D19AAADC300F8254B /* Products */,
			);
			sourceTree = "<group>";
		};
		626AD21D19AAADC300F8254B /* Products */ = {
			isa = PBXGroup;
			children = (
				626AD21C19AAADC300F8254B /* JobFair.app */,
				626AD23D19AAADC400F8254B /* JobFairTests.xctest */,
			);
			name = Products;
			sourceTree = "<group>";
		};
		626AD21E19AAADC300F8254B /* Frameworks */ = {
			isa = PBXGroup;
			children = (
				626AD21F19AAADC300F8254B /* Foundation.framework */,
				626AD22119AAADC300F8254B /* CoreGraphics.framework */,
				626AD22319AAADC300F8254B /* UIKit.framework */,
				626AD23E19AAADC400F8254B /* XCTest.framework */,
			);
			name = Frameworks;
			sourceTree = "<group>";
		};
		626AD22519AAADC300F8254B /* JobFair */ = {
			isa = PBXGroup;
			children = (
				626AD22E19AAADC300F8254B /* MMAppDelegate.h */,
				626AD22F19AAADC300F8254B /* MMAppDelegate.m */,
				626AD23119AAADC300F8254B /* Main.storyboard */,
				626AD23419AAADC300F8254B /* MMViewController.h */,
				626AD23519AAADC300F8254B /* MMViewController.m */,
				626AD23719AAADC300F8254B /* Images.xcassets */,
				626AD22619AAADC300F8254B /* Supporting Files */,
			);
			path = JobFair;
			sourceTree = "<group>";
		};
		626AD22619AAADC300F8254B /* Supporting Files */ = {
			isa = PBXGroup;
			children = (
				626AD22719AAADC300F8254B /* JobFair-Info.plist */,
				626AD22819AAADC300F8254B /* InfoPlist.strings */,
				626AD22B19AAADC300F8254B /* main.m */,
				626AD22D19AAADC300F8254B /* JobFair-Prefix.pch */,
			);
			name = "Supporting Files";
			sourceTree = "<group>";
		};
		626AD24419AAADC400F8254B /* JobFairTests */ = {
			isa = PBXGroup;
			children = (
				626AD24A19AAADC400F8254B /* JobFairTests.m */,
				626AD24519AAADC400F8254B /* Supporting Files */,
			);
			path = JobFairTests;
			sourceTree = "<group>";
		};
		626AD24519AAADC400F8254B /* Supporting Files */ = {
			isa = PBXGroup;
			children = (
				626AD24619AAADC400F8254B /* JobFairTests-Info.plist */,
				626AD24719AAADC400F8254B /* InfoPlist.strings */,
			);
			name = "Supporting Files";
			sourceTree = "<group>";
		};
/* End PBXGroup section */

/* Begin PBXNativeTarget section */
		626AD21B19AAADC300F8254B /* JobFair */ = {
			isa = PBXNativeTarget;
			buildConfigurationList = 626AD24E19AAADC400F8254B /* Build configuration list for PBXNativeTarget "JobFair" */;
			buildPhases = (
				626AD21819AAADC300F8254B /* Sources */,
				626AD21919AAADC300F8254B /* Frameworks */,
				626AD21A19AAADC300F8254B /* Resources */,
			);
			buildRules = (
			);
			dependencies = (
			);
			name = JobFair;
			productName = JobFair;
			productReference = 626AD21C19AAADC300F8254B /* JobFair.app */;
			productType = "com.apple.product-type.application";
		};
		626AD23C19AAADC400F8254B /* JobFairTests */ = {
			isa = PBXNativeTarget;
			buildConfigurationList = 626AD25119AAADC400F8254B /* Build configuration list for PBXNativeTarget "JobFairTests" */;
			buildPhases = (
				626AD23919AAADC400F8254B /* Sources */,
				626AD23A19AAADC400F8254B /* Frameworks */,
				626AD23B19AAADC400F8254B /* Resources */,
			);
			buildRules = (
			);
			dependencies = (
				626AD24319AAADC400F8254B /* PBXTargetDependency */,
			);
			name = JobFairTests;
			productName = JobFairTests;
			productReference = 626AD23D19AAADC400F8254B /* JobFairTests.xctest */;
			productType = "com.apple.product-type.bundle.unit-test";
		};
/* End PBXNativeTarget section */

/* Begin PBXProject section */
		626AD21419AAADC300F8254B /* Project object */ = {
			isa = PBXProject;
			attributes = {
				CLASSPREFIX = MM;
				LastUpgradeCheck = 0510;
				ORGANIZATIONNAME = Dosmonos.net;
				TargetAttributes = {
					626AD23C19AAADC400F8254B = {
						TestTargetID = 626AD21B19AAADC300F8254B;
					};
				};
			};
			buildConfigurationList = 626AD21719AAADC300F8254B /* Build configuration list for PBXProject "JobFair" */;
			compatibilityVersion = "Xcode 3.2";
			developmentRegion = English;
			hasScannedForEncodings = 0;
			knownRegions = (
				en,
				Base,
			);
			mainGroup = 626AD21319AAADC300F8254B;
			productRefGroup = 626AD21D19AAADC300F8254B /* Products */;
			projectDirPath = "";
			projectRoot = "";
			targets = (
				626AD21B19AAADC300F8254B /* JobFair */,
				626AD23C19AAADC400F8254B /* JobFairTests */,
			);
		};
/* End PBXProject section */

/* Begin PBXResourcesBuildPhase section */
		626AD21A19AAADC300F8254B /* Resources */ = {
			isa = PBXResourcesBuildPhase;
			buildActionMask = 2147483647;
			files = (
				626AD23819AAADC300F8254B /* Images.xcassets in Resources */,
				626AD22A19AAADC300F8254B /* InfoPlist.strings in Resources */,
				626AD23319AAADC300F8254B /* Main.storyboard in Resources */,
			);
			runOnlyForDeploymentPostprocessing = 0;
		};
		626AD23B19AAADC400F8254B /* Resources */ = {
			isa = PBXResourcesBuildPhase;
			buildActionMask = 2147483647;
			files = (
				626AD24919AAADC400F8254B /* InfoPlist.strings in Resources */,
			);
			runOnlyForDeploymentPostprocessing = 0;
		};
/* End PBXResourcesBuildPhase section */

/* Begin PBXSourcesBuildPhase section */
		626AD21819AAADC300F8254B /* Sources */ = {
			isa = PBXSourcesBuildPhase;
			buildActionMask = 2147483647;
			files = (
				626AD23019AAADC300F8254B /* MMAppDelegate.m in Sources */,
				626AD23619AAADC300F8254B /* MMViewController.m in Sources */,
				626AD22C19AAADC300F8254B /* main.m in Sources */,
			);
			runOnlyForDeploymentPostprocessing = 0;
		};
		626AD23919AAADC400F8254B /* Sources */ = {
			isa = PBXSourcesBuildPhase;
			buildActionMask = 2147483647;
			files = (
				626AD24B19AAADC400F8254B /* JobFairTests.m in Sources */,
			);
			runOnlyForDeploymentPostprocessing = 0;
		};
/* End PBXSourcesBuildPhase section */

/* Begin PBXTargetDependency section */
		626AD24319AAADC400F8254B /* PBXTargetDependency */ = {
			isa = PBXTargetDependency;
			target = 626AD21B19AAADC300F8254B /* JobFair */;
			targetProxy = 626AD24219AAADC400F8254B /* PBXContainerItemProxy */;
		};
/* End PBXTargetDependency section */

/* Begin PBXVariantGroup section */
		626AD22819AAADC300F8254B /* InfoPlist.strings */ = {
			isa = PBXVariantGroup;
			children = (
				626AD22919AAADC300F8254B /* en */,
			);
			name = InfoPlist.strings;
			sourceTree = "<group>";
		};
		626AD23119AAADC300F8254B /* Main.storyboard */ = {
			isa = PBXVariantGroup;
			children = (
				626AD23219AAADC300F8254B /* Base */,
			);
			name = Main.storyboard;
			sourceTree = "<group>";
		};
		626AD24719AAADC400F8254B /* InfoPlist.strings */ = {
			isa = PBXVariantGroup;
			children = (
				626AD24819AAADC400F8254B /* en */,
			);
			name = InfoPlist.strings;
			sourceTree = "<group>";
		};
/* End PBXVariantGroup section */

/* Begin XCBuildConfiguration section */
		626AD24C19AAADC400F8254B /* Debug */ = {
			isa = XCBuildConfiguration;
			buildSettings = {
				ALWAYS_SEARCH_USER_PATHS = NO;
				CLANG_CXX_LANGUAGE_STANDARD = "gnu++0x";
				CLANG_CXX_LIBRARY = "libc++";
				CLANG_ENABLE_MODULES = YES;
				CLANG_ENABLE_OBJC_ARC = YES;
				CLANG_WARN_BOOL_CONVERSION = YES;
				CLANG_WARN_CONSTANT_CONVERSION = YES;
				CLANG_WARN_DIRECT_OBJC_ISA_USAGE = YES_ERROR;
				CLANG_WARN_EMPTY_BODY = YES;
				CLANG_WARN_ENUM_CONVERSION = YES;
				CLANG_WARN_INT_CONVERSION = YES;
				CLANG_WARN_OBJC_ROOT_CLASS = YES_ERROR;
				CLANG_WARN__DUPLICATE_METHOD_MATCH = YES;
				"CODE_SIGN_IDENTITY[sdk=iphoneos*]" = "iPhone Developer";
				COPY_PHASE_STRIP = NO;
				GCC_C_LANGUAGE_STANDARD = gnu99;
				GCC_DYNAMIC_NO_PIC = NO;
				GCC_OPTIMIZATION_LEVEL = 0;
				GCC_PREPROCESSOR_DEFINITIONS = (
					"DEBUG=1",
					"$(inherited)",
				);
				GCC_SYMBOLS_PRIVATE_EXTERN = NO;
				GCC_WARN_64_TO_32_BIT_CONVERSION = YES;
				GCC_WARN_ABOUT_RETURN_TYPE = YES_ERROR;
				GCC_WARN_UNDECLARED_SELECTOR = YES;
				GCC_WARN_UNINITIALIZED_AUTOS = YES_AGGRESSIVE;
				GCC_WARN_UNUSED_FUNCTION = YES;
				GCC_WARN_UNUSED_VARIABLE = YES;
				IPHONEOS_DEPLOYMENT_TARGET = 7.1;
				ONLY_ACTIVE_ARCH = YES;
				SDKROOT = iphoneos;
				TARGETED_DEVICE_FAMILY = 2;
			};
			name = Debug;
		};
		626AD24D19AAADC400F8254B /* Release */ = {
			isa = XCBuildConfiguration;
			buildSettings = {
				ALWAYS_SEARCH_USER_PATHS = NO;
				CLANG_CXX_LANGUAGE_STANDARD = "gnu++0x";
				CLANG_CXX_LIBRARY = "libc++";
				CLANG_ENABLE_MODULES = YES;
				CLANG_ENABLE_OBJC_ARC = YES;
				CLANG_WARN_BOOL_CONVERSION = YES;
				CLANG_WARN_CONSTANT_CONVERSION = YES;
				CLANG_WARN_DIRECT_OBJC_ISA_USAGE = YES_ERROR;
				CLANG_WARN_EMPTY_BODY = YES;
				CLANG_WARN_ENUM_CONVERSION = YES;
				CLANG_WARN_INT_CONVERSION = YES;
				CLANG_WARN_OBJC_ROOT_CLASS = YES_ERROR;
				CLANG_WARN__DUPLICATE_METHOD_MATCH = YES;
				"CODE_SIGN_IDENTITY[sdk=iphoneos*]" = "iPhone Developer";
				COPY_PHASE_STRIP = YES;
				ENABLE_NS_ASSERTIONS = NO;
				GCC_C_LANGUAGE_STANDARD = gnu99;
				GCC_WARN_64_TO_32_BIT_CONVERSION = YES;
				GCC_WARN_ABOUT_RETURN_TYPE = YES_ERROR;
				GCC_WARN_UNDECLARED_SELECTOR = YES;
				GCC_WARN_UNINITIALIZED_AUTOS = YES_AGGRESSIVE;
				GCC_WARN_UNUSED_FUNCTION = YES;
				GCC_WARN_UNUSED_VARIABLE = YES;
				IPHONEOS_DEPLOYMENT_TARGET = 7.1;
				SDKROOT = iphoneos;
				TARGETED_DEVICE_FAMILY = 2;
				VALIDATE_PRODUCT = YES;
			};
			name = Release;
		};
		626AD24F19AAADC400F8254B /* Debug */ = {
			isa = XCBuildConfiguration;
			buildSettings = {
				ASSETCATALOG_COMPILER_APPICON_NAME = AppIcon;
				ASSETCATALOG_COMPILER_LAUNCHIMAGE_NAME = LaunchImage;
				GCC_PRECOMPILE_PREFIX_HEADER = YES;
				GCC_PREFIX_HEADER = "JobFair/JobFair-Prefix.pch";
				INFOPLIST_FILE = "JobFair/JobFair-Info.plist";
				PRODUCT_NAME = "$(TARGET_NAME)";
				WRAPPER_EXTENSION = app;
			};
			name = Debug;
		};
		626AD25019AAADC400F8254B /* Release */ = {
			isa = XCBuildConfiguration;
			buildSettings = {
				ASSETCATALOG_COMPILER_APPICON_NAME = AppIcon;
				ASSETCATALOG_COMPILER_LAUNCHIMAGE_NAME = LaunchImage;
				GCC_PRECOMPILE_PREFIX_HEADER = YES;
				GCC_PREFIX_HEADER = "JobFair/JobFair-Prefix.pch";
				INFOPLIST_FILE = "JobFair/JobFair-Info.plist";
				PRODUCT_NAME = "$(TARGET_NAME)";
				WRAPPER_EXTENSION = app;
			};
			name = Release;
		};
		626AD25219AAADC400F8254B /* Debug */ = {
			isa = XCBuildConfiguration;
			buildSettings = {
				BUNDLE_LOADER = "$(BUILT_PRODUCTS_DIR)/JobFair.app/JobFair";
				FRAMEWORK_SEARCH_PATHS = (
					"$(SDKROOT)/Developer/Library/Frameworks",
					"$(inherited)",
					"$(DEVELOPER_FRAMEWORKS_DIR)",
				);
				GCC_PRECOMPILE_PREFIX_HEADER = YES;
				GCC_PREFIX_HEADER = "JobFair/JobFair-Prefix.pch";
				GCC_PREPROCESSOR_DEFINITIONS = (
					"DEBUG=1",
					"$(inherited)",
				);
				INFOPLIST_FILE = "JobFairTests/JobFairTests-Info.plist";
				PRODUCT_NAME = "$(TARGET_NAME)";
				TEST_HOST = "$(BUNDLE_LOADER)";
				WRAPPER_EXTENSION = xctest;
			};
			name = Debug;
		};
		626AD25319AAADC400F8254B /* Release */ = {
			isa = XCBuildConfiguration;
			buildSettings = {
				BUNDLE_LOADER = "$(BUILT_PRODUCTS_DIR)/JobFair.app/JobFair";
				FRAMEWORK_SEARCH_PATHS = (
					"$(SDKROOT)/Developer/Library/Frameworks",
					"$(inherited)",
					"$(DEVELOPER_FRAMEWORKS_DIR)",
				);
				GCC_PRECOMPILE_PREFIX_HEADER = YES;
				GCC_PREFIX_HEADER = "JobFair/JobFair-Prefix.pch";
				INFOPLIST_FILE = "JobFairTests/JobFairTests-Info.plist";
				PRODUCT_NAME = "$(TARGET_NAME)";
				TEST_HOST = "$(BUNDLE_LOADER)";
				WRAPPER_EXTENSION = xctest;
			};
			name = Release;
		};
/* End XCBuildConfiguration section */

/* Begin XCConfigurationList section */
		626AD21719AAADC300F8254B /* Build configuration list for PBXProject "JobFair" */ = {
			isa = XCConfigurationList;
			buildConfigurations = (
				626AD24C19AAADC400F8254B /* Debug */,
				626AD24D19AAADC400F8254B /* Release */,
			);
			defaultConfigurationIsVisible = 0;
			defaultConfigurationName = Release;
		};
		626AD24E19AAADC400F8254B /* Build configuration list for PBXNativeTarget "JobFair" */ = {
			isa = XCConfigurationList;
			buildConfigurations = (
				626AD24F19AAADC400F8254B /* Debug */,
				626AD25019AAADC400F8254B /* Release */,
			);
			defaultConfigurationIsVisible = 0;
		};
		626AD25119AAADC400F8254B /* Build configuration list for PBXNativeTarget "JobFairTests" */ = {
			isa = XCConfigurationList;
			buildConfigurations = (
				626AD25219AAADC400F8254B /* Debug */,
				626AD25319AAADC400F8254B /* Release */,
			);
			defaultConfigurationIsVisible = 0;
		};
/* End XCConfigurationList section */
	};
	rootObject = 626AD21419AAADC300F8254B /* Project object */;
}
